// !$*UTF8*$!
{
	archiveVersion = 1;
	classes = {
	};
	objectVersion = 56;
	objects = {

/* Begin PBXBuildFile section */
		140C6B512AEEBFE5006E03EC /* products.sqlite in Resources */ = {isa = PBXBuildFile; fileRef = 140C6B502AEEBFE5006E03EC /* products.sqlite */; };
		140C6B5E2AF42B04006E03EC /* FMDatabase.m in Sources */ = {isa = PBXBuildFile; fileRef = 140C6B542AF42B03006E03EC /* FMDatabase.m */; };
		140C6B5F2AF42B04006E03EC /* FMDatabaseQueue.m in Sources */ = {isa = PBXBuildFile; fileRef = 140C6B582AF42B04006E03EC /* FMDatabaseQueue.m */; };
		140C6B602AF42B04006E03EC /* FMResultSet.m in Sources */ = {isa = PBXBuildFile; fileRef = 140C6B592AF42B04006E03EC /* FMResultSet.m */; };
		140C6B612AF42B04006E03EC /* FMDatabasePool.m in Sources */ = {isa = PBXBuildFile; fileRef = 140C6B5A2AF42B04006E03EC /* FMDatabasePool.m */; };
		140C6B622AF42B04006E03EC /* FMDatabaseAdditions.m in Sources */ = {isa = PBXBuildFile; fileRef = 140C6B5B2AF42B04006E03EC /* FMDatabaseAdditions.m */; };
		147CF7742ADFF20F0031E646 /* BringTheFood.swift in Sources */ = {isa = PBXBuildFile; fileRef = 147CF7732ADFF20F0031E646 /* BringTheFood.swift */; };
		147CF7762ADFFCD30031E646 /* BringTheFoodResponse.swift in Sources */ = {isa = PBXBuildFile; fileRef = 147CF7752ADFFCD30031E646 /* BringTheFoodResponse.swift */; };
		147CF7782AE143270031E646 /* LaunchVC.swift in Sources */ = {isa = PBXBuildFile; fileRef = 147CF7772AE143270031E646 /* LaunchVC.swift */; };
		147CF77B2AE149680031E646 /* Lottie in Frameworks */ = {isa = PBXBuildFile; productRef = 147CF77A2AE149680031E646 /* Lottie */; };
		147CF77D2AE149AB0031E646 /* cart.json in Resources */ = {isa = PBXBuildFile; fileRef = 147CF77C2AE149AB0031E646 /* cart.json */; };
		14A5E8BE2AD420B8006A9D57 /* AppDelegate.swift in Sources */ = {isa = PBXBuildFile; fileRef = 14A5E8BD2AD420B8006A9D57 /* AppDelegate.swift */; };
		14A5E8C02AD420B8006A9D57 /* SceneDelegate.swift in Sources */ = {isa = PBXBuildFile; fileRef = 14A5E8BF2AD420B8006A9D57 /* SceneDelegate.swift */; };
		14A5E8C52AD420B8006A9D57 /* Main.storyboard in Resources */ = {isa = PBXBuildFile; fileRef = 14A5E8C32AD420B8006A9D57 /* Main.storyboard */; };
		14A5E8C72AD420BA006A9D57 /* Assets.xcassets in Resources */ = {isa = PBXBuildFile; fileRef = 14A5E8C62AD420BA006A9D57 /* Assets.xcassets */; };
		14A5E8CA2AD420BA006A9D57 /* LaunchScreen.storyboard in Resources */ = {isa = PBXBuildFile; fileRef = 14A5E8C82AD420BA006A9D57 /* LaunchScreen.storyboard */; };
		14A5E8D52AD420BA006A9D57 /* BringTests.swift in Sources */ = {isa = PBXBuildFile; fileRef = 14A5E8D42AD420BA006A9D57 /* BringTests.swift */; };
		14A5E8DF2AD420BA006A9D57 /* BringUITests.swift in Sources */ = {isa = PBXBuildFile; fileRef = 14A5E8DE2AD420BA006A9D57 /* BringUITests.swift */; };
		14A5E8E12AD420BA006A9D57 /* BringUITestsLaunchTests.swift in Sources */ = {isa = PBXBuildFile; fileRef = 14A5E8E02AD420BA006A9D57 /* BringUITestsLaunchTests.swift */; };
		14A5E8F42AD433F0006A9D57 /* productsCell.swift in Sources */ = {isa = PBXBuildFile; fileRef = 14A5E8F32AD433F0006A9D57 /* productsCell.swift */; };
		14A5E8F62AD434D9006A9D57 /* Product.swift in Sources */ = {isa = PBXBuildFile; fileRef = 14A5E8F52AD434D9006A9D57 /* Product.swift */; };
		14A5E8F82AD43551006A9D57 /* HomePageVC.swift in Sources */ = {isa = PBXBuildFile; fileRef = 14A5E8F72AD43551006A9D57 /* HomePageVC.swift */; };
		14A5E9372AD44706006A9D57 /* Kingfisher in Frameworks */ = {isa = PBXBuildFile; productRef = 14A5E9362AD44706006A9D57 /* Kingfisher */; };
		14A5E93A2AD44720006A9D57 /* Alamofire in Frameworks */ = {isa = PBXBuildFile; productRef = 14A5E9392AD44720006A9D57 /* Alamofire */; };
		14A5E93E2AD44758006A9D57 /* RxSwift in Frameworks */ = {isa = PBXBuildFile; productRef = 14A5E93D2AD44758006A9D57 /* RxSwift */; };
		14A5E9412AD447B1006A9D57 /* ProductsDaoRepository.swift in Sources */ = {isa = PBXBuildFile; fileRef = 14A5E9402AD447B1006A9D57 /* ProductsDaoRepository.swift */; };
		14A5E9432AD44815006A9D57 /* HomaPageViewModel.swift in Sources */ = {isa = PBXBuildFile; fileRef = 14A5E9422AD44815006A9D57 /* HomaPageViewModel.swift */; };
		14A5E9452AD450F8006A9D57 /* ProductsResponse.swift in Sources */ = {isa = PBXBuildFile; fileRef = 14A5E9442AD450F8006A9D57 /* ProductsResponse.swift */; };
		14A5E9472AD54F5A006A9D57 /* DetailsVC.swift in Sources */ = {isa = PBXBuildFile; fileRef = 14A5E9462AD54F5A006A9D57 /* DetailsVC.swift */; };
		14A5E9492AD6B3AF006A9D57 /* BagVC.swift in Sources */ = {isa = PBXBuildFile; fileRef = 14A5E9482AD6B3AF006A9D57 /* BagVC.swift */; };
		14A5E94B2AD6B3DA006A9D57 /* BagCell.swift in Sources */ = {isa = PBXBuildFile; fileRef = 14A5E94A2AD6B3DA006A9D57 /* BagCell.swift */; };
		14A5E94F2AD7E208006A9D57 /* CRUDResponse.swift in Sources */ = {isa = PBXBuildFile; fileRef = 14A5E94E2AD7E208006A9D57 /* CRUDResponse.swift */; };
		14A5E9512AD7E27A006A9D57 /* BagDaoRepository.swift in Sources */ = {isa = PBXBuildFile; fileRef = 14A5E9502AD7E27A006A9D57 /* BagDaoRepository.swift */; };
		14A5E9532AD7E3A4006A9D57 /* BagViewModel.swift in Sources */ = {isa = PBXBuildFile; fileRef = 14A5E9522AD7E3A4006A9D57 /* BagViewModel.swift */; };
/* End PBXBuildFile section */

/* Begin PBXContainerItemProxy section */
		14A5E8D12AD420BA006A9D57 /* PBXContainerItemProxy */ = {
			isa = PBXContainerItemProxy;
			containerPortal = 14A5E8B22AD420B8006A9D57 /* Project object */;
			proxyType = 1;
			remoteGlobalIDString = 14A5E8B92AD420B8006A9D57;
			remoteInfo = Bring;
		};
		14A5E8DB2AD420BA006A9D57 /* PBXContainerItemProxy */ = {
			isa = PBXContainerItemProxy;
			containerPortal = 14A5E8B22AD420B8006A9D57 /* Project object */;
			proxyType = 1;
			remoteGlobalIDString = 14A5E8B92AD420B8006A9D57;
			remoteInfo = Bring;
		};
/* End PBXContainerItemProxy section */

/* Begin PBXFileReference section */
		140C6B3E2AEEBE98006E03EC /* libsqlite3.tbd */ = {isa = PBXFileReference; lastKnownFileType = "sourcecode.text-based-dylib-definition"; name = libsqlite3.tbd; path = usr/lib/libsqlite3.tbd; sourceTree = SDKROOT; };
		140C6B3F2AEEBF5B006E03EC /* Bring-Bridging-Header.h */ = {isa = PBXFileReference; lastKnownFileType = sourcecode.c.h; path = "Bring-Bridging-Header.h"; sourceTree = "<group>"; };
		140C6B502AEEBFE5006E03EC /* products.sqlite */ = {isa = PBXFileReference; lastKnownFileType = file; path = products.sqlite; sourceTree = "<group>"; };
		140C6B532AF42B03006E03EC /* FMResultSet.h */ = {isa = PBXFileReference; fileEncoding = 4; lastKnownFileType = sourcecode.c.h; path = FMResultSet.h; sourceTree = "<group>"; };
		140C6B542AF42B03006E03EC /* FMDatabase.m */ = {isa = PBXFileReference; fileEncoding = 4; lastKnownFileType = sourcecode.c.objc; path = FMDatabase.m; sourceTree = "<group>"; };
		140C6B552AF42B03006E03EC /* FMDatabaseAdditions.h */ = {isa = PBXFileReference; fileEncoding = 4; lastKnownFileType = sourcecode.c.h; path = FMDatabaseAdditions.h; sourceTree = "<group>"; };
		140C6B562AF42B04006E03EC /* FMDatabasePool.h */ = {isa = PBXFileReference; fileEncoding = 4; lastKnownFileType = sourcecode.c.h; path = FMDatabasePool.h; sourceTree = "<group>"; };
		140C6B572AF42B04006E03EC /* FMDatabaseQueue.h */ = {isa = PBXFileReference; fileEncoding = 4; lastKnownFileType = sourcecode.c.h; path = FMDatabaseQueue.h; sourceTree = "<group>"; };
		140C6B582AF42B04006E03EC /* FMDatabaseQueue.m */ = {isa = PBXFileReference; fileEncoding = 4; lastKnownFileType = sourcecode.c.objc; path = FMDatabaseQueue.m; sourceTree = "<group>"; };
		140C6B592AF42B04006E03EC /* FMResultSet.m */ = {isa = PBXFileReference; fileEncoding = 4; lastKnownFileType = sourcecode.c.objc; path = FMResultSet.m; sourceTree = "<group>"; };
		140C6B5A2AF42B04006E03EC /* FMDatabasePool.m */ = {isa = PBXFileReference; fileEncoding = 4; lastKnownFileType = sourcecode.c.objc; path = FMDatabasePool.m; sourceTree = "<group>"; };
		140C6B5B2AF42B04006E03EC /* FMDatabaseAdditions.m */ = {isa = PBXFileReference; fileEncoding = 4; lastKnownFileType = sourcecode.c.objc; path = FMDatabaseAdditions.m; sourceTree = "<group>"; };
		140C6B5C2AF42B04006E03EC /* FMDB.h */ = {isa = PBXFileReference; fileEncoding = 4; lastKnownFileType = sourcecode.c.h; path = FMDB.h; sourceTree = "<group>"; };
		140C6B5D2AF42B04006E03EC /* FMDatabase.h */ = {isa = PBXFileReference; fileEncoding = 4; lastKnownFileType = sourcecode.c.h; path = FMDatabase.h; sourceTree = "<group>"; };
		147CF7732ADFF20F0031E646 /* BringTheFood.swift */ = {isa = PBXFileReference; lastKnownFileType = sourcecode.swift; path = BringTheFood.swift; sourceTree = "<group>"; };
		147CF7752ADFFCD30031E646 /* BringTheFoodResponse.swift */ = {isa = PBXFileReference; lastKnownFileType = sourcecode.swift; path = BringTheFoodResponse.swift; sourceTree = "<group>"; };
		147CF7772AE143270031E646 /* LaunchVC.swift */ = {isa = PBXFileReference; lastKnownFileType = sourcecode.swift; path = LaunchVC.swift; sourceTree = "<group>"; };
		147CF77C2AE149AB0031E646 /* cart.json */ = {isa = PBXFileReference; fileEncoding = 4; lastKnownFileType = text.json; path = cart.json; sourceTree = "<group>"; };
		14A5E8BA2AD420B8006A9D57 /* Bring.app */ = {isa = PBXFileReference; explicitFileType = wrapper.application; includeInIndex = 0; path = Bring.app; sourceTree = BUILT_PRODUCTS_DIR; };
		14A5E8BD2AD420B8006A9D57 /* AppDelegate.swift */ = {isa = PBXFileReference; lastKnownFileType = sourcecode.swift; path = AppDelegate.swift; sourceTree = "<group>"; };
		14A5E8BF2AD420B8006A9D57 /* SceneDelegate.swift */ = {isa = PBXFileReference; lastKnownFileType = sourcecode.swift; path = SceneDelegate.swift; sourceTree = "<group>"; };
		14A5E8C42AD420B8006A9D57 /* Base */ = {isa = PBXFileReference; lastKnownFileType = file.storyboard; name = Base; path = Base.lproj/Main.storyboard; sourceTree = "<group>"; };
		14A5E8C62AD420BA006A9D57 /* Assets.xcassets */ = {isa = PBXFileReference; lastKnownFileType = folder.assetcatalog; path = Assets.xcassets; sourceTree = "<group>"; };
		14A5E8C92AD420BA006A9D57 /* Base */ = {isa = PBXFileReference; lastKnownFileType = file.storyboard; name = Base; path = Base.lproj/LaunchScreen.storyboard; sourceTree = "<group>"; };
		14A5E8CB2AD420BA006A9D57 /* Info.plist */ = {isa = PBXFileReference; lastKnownFileType = text.plist.xml; path = Info.plist; sourceTree = "<group>"; };
		14A5E8D02AD420BA006A9D57 /* BringTests.xctest */ = {isa = PBXFileReference; explicitFileType = wrapper.cfbundle; includeInIndex = 0; path = BringTests.xctest; sourceTree = BUILT_PRODUCTS_DIR; };
		14A5E8D42AD420BA006A9D57 /* BringTests.swift */ = {isa = PBXFileReference; lastKnownFileType = sourcecode.swift; path = BringTests.swift; sourceTree = "<group>"; };
		14A5E8DA2AD420BA006A9D57 /* BringUITests.xctest */ = {isa = PBXFileReference; explicitFileType = wrapper.cfbundle; includeInIndex = 0; path = BringUITests.xctest; sourceTree = BUILT_PRODUCTS_DIR; };
		14A5E8DE2AD420BA006A9D57 /* BringUITests.swift */ = {isa = PBXFileReference; lastKnownFileType = sourcecode.swift; path = BringUITests.swift; sourceTree = "<group>"; };
		14A5E8E02AD420BA006A9D57 /* BringUITestsLaunchTests.swift */ = {isa = PBXFileReference; lastKnownFileType = sourcecode.swift; path = BringUITestsLaunchTests.swift; sourceTree = "<group>"; };
		14A5E8F32AD433F0006A9D57 /* productsCell.swift */ = {isa = PBXFileReference; lastKnownFileType = sourcecode.swift; path = productsCell.swift; sourceTree = "<group>"; };
		14A5E8F52AD434D9006A9D57 /* Product.swift */ = {isa = PBXFileReference; lastKnownFileType = sourcecode.swift; path = Product.swift; sourceTree = "<group>"; };
		14A5E8F72AD43551006A9D57 /* HomePageVC.swift */ = {isa = PBXFileReference; lastKnownFileType = sourcecode.swift; path = HomePageVC.swift; sourceTree = "<group>"; };
		14A5E9402AD447B1006A9D57 /* ProductsDaoRepository.swift */ = {isa = PBXFileReference; lastKnownFileType = sourcecode.swift; path = ProductsDaoRepository.swift; sourceTree = "<group>"; };
		14A5E9422AD44815006A9D57 /* HomaPageViewModel.swift */ = {isa = PBXFileReference; lastKnownFileType = sourcecode.swift; path = HomaPageViewModel.swift; sourceTree = "<group>"; };
		14A5E9442AD450F8006A9D57 /* ProductsResponse.swift */ = {isa = PBXFileReference; lastKnownFileType = sourcecode.swift; path = ProductsResponse.swift; sourceTree = "<group>"; };
		14A5E9462AD54F5A006A9D57 /* DetailsVC.swift */ = {isa = PBXFileReference; lastKnownFileType = sourcecode.swift; path = DetailsVC.swift; sourceTree = "<group>"; };
		14A5E9482AD6B3AF006A9D57 /* BagVC.swift */ = {isa = PBXFileReference; lastKnownFileType = sourcecode.swift; path = BagVC.swift; sourceTree = "<group>"; };
		14A5E94A2AD6B3DA006A9D57 /* BagCell.swift */ = {isa = PBXFileReference; lastKnownFileType = sourcecode.swift; path = BagCell.swift; sourceTree = "<group>"; };
		14A5E94E2AD7E208006A9D57 /* CRUDResponse.swift */ = {isa = PBXFileReference; lastKnownFileType = sourcecode.swift; path = CRUDResponse.swift; sourceTree = "<group>"; };
		14A5E9502AD7E27A006A9D57 /* BagDaoRepository.swift */ = {isa = PBXFileReference; lastKnownFileType = sourcecode.swift; path = BagDaoRepository.swift; sourceTree = "<group>"; };
		14A5E9522AD7E3A4006A9D57 /* BagViewModel.swift */ = {isa = PBXFileReference; lastKnownFileType = sourcecode.swift; path = BagViewModel.swift; sourceTree = "<group>"; };
/* End PBXFileReference section */

/* Begin PBXFrameworksBuildPhase section */
		14A5E8B72AD420B8006A9D57 /* Frameworks */ = {
			isa = PBXFrameworksBuildPhase;
			buildActionMask = 2147483647;
			files = (
				14A5E93E2AD44758006A9D57 /* RxSwift in Frameworks */,
				14A5E9372AD44706006A9D57 /* Kingfisher in Frameworks */,
				14A5E93A2AD44720006A9D57 /* Alamofire in Frameworks */,
				147CF77B2AE149680031E646 /* Lottie in Frameworks */,
			);
			runOnlyForDeploymentPostprocessing = 0;
		};
		14A5E8CD2AD420BA006A9D57 /* Frameworks */ = {
			isa = PBXFrameworksBuildPhase;
			buildActionMask = 2147483647;
			files = (
			);
			runOnlyForDeploymentPostprocessing = 0;
		};
		14A5E8D72AD420BA006A9D57 /* Frameworks */ = {
			isa = PBXFrameworksBuildPhase;
			buildActionMask = 2147483647;
			files = (
			);
			runOnlyForDeploymentPostprocessing = 0;
		};
/* End PBXFrameworksBuildPhase section */

/* Begin PBXGroup section */
		14A5E8B12AD420B8006A9D57 = {
			isa = PBXGroup;
			children = (
				14A5E8BC2AD420B8006A9D57 /* Bring */,
				140C6B3F2AEEBF5B006E03EC /* Bring-Bridging-Header.h */,
				140C6B502AEEBFE5006E03EC /* products.sqlite */,
				14A5E8D32AD420BA006A9D57 /* BringTests */,
				14A5E8DD2AD420BA006A9D57 /* BringUITests */,
				14A5E8BB2AD420B8006A9D57 /* Products */,
				14A5E93C2AD44758006A9D57 /* Frameworks */,
			);
			sourceTree = "<group>";
		};
		14A5E8BB2AD420B8006A9D57 /* Products */ = {
			isa = PBXGroup;
			children = (
				14A5E8BA2AD420B8006A9D57 /* Bring.app */,
				14A5E8D02AD420BA006A9D57 /* BringTests.xctest */,
				14A5E8DA2AD420BA006A9D57 /* BringUITests.xctest */,
			);
			name = Products;
			sourceTree = "<group>";
		};
		14A5E8BC2AD420B8006A9D57 /* Bring */ = {
			isa = PBXGroup;
			children = (
				14A5E8BD2AD420B8006A9D57 /* AppDelegate.swift */,
				14A5E8BF2AD420B8006A9D57 /* SceneDelegate.swift */,
				14A5E8EF2AD4318D006A9D57 /* UI */,
				14A5E8ED2AD43173006A9D57 /* data */,
				14A5E8C32AD420B8006A9D57 /* Main.storyboard */,
				14A5E8C62AD420BA006A9D57 /* Assets.xcassets */,
				147CF77C2AE149AB0031E646 /* cart.json */,
				14A5E8C82AD420BA006A9D57 /* LaunchScreen.storyboard */,
				14A5E8CB2AD420BA006A9D57 /* Info.plist */,
				140C6B5D2AF42B04006E03EC /* FMDatabase.h */,
				140C6B542AF42B03006E03EC /* FMDatabase.m */,
				140C6B552AF42B03006E03EC /* FMDatabaseAdditions.h */,
				140C6B5B2AF42B04006E03EC /* FMDatabaseAdditions.m */,
				140C6B562AF42B04006E03EC /* FMDatabasePool.h */,
				140C6B5A2AF42B04006E03EC /* FMDatabasePool.m */,
				140C6B572AF42B04006E03EC /* FMDatabaseQueue.h */,
				140C6B582AF42B04006E03EC /* FMDatabaseQueue.m */,
				140C6B5C2AF42B04006E03EC /* FMDB.h */,
				140C6B532AF42B03006E03EC /* FMResultSet.h */,
				140C6B592AF42B04006E03EC /* FMResultSet.m */,
			);
			path = Bring;
			sourceTree = "<group>";
		};
		14A5E8D32AD420BA006A9D57 /* BringTests */ = {
			isa = PBXGroup;
			children = (
				14A5E8D42AD420BA006A9D57 /* BringTests.swift */,
			);
			path = BringTests;
			sourceTree = "<group>";
		};
		14A5E8DD2AD420BA006A9D57 /* BringUITests */ = {
			isa = PBXGroup;
			children = (
				14A5E8DE2AD420BA006A9D57 /* BringUITests.swift */,
				14A5E8E02AD420BA006A9D57 /* BringUITestsLaunchTests.swift */,
			);
			path = BringUITests;
			sourceTree = "<group>";
		};
		14A5E8ED2AD43173006A9D57 /* data */ = {
			isa = PBXGroup;
			children = (
				14A5E93F2AD44773006A9D57 /* repo */,
				14A5E8EE2AD4317E006A9D57 /* entity */,
			);
			path = data;
			sourceTree = "<group>";
		};
		14A5E8EE2AD4317E006A9D57 /* entity */ = {
			isa = PBXGroup;
			children = (
				14A5E8F52AD434D9006A9D57 /* Product.swift */,
				14A5E9442AD450F8006A9D57 /* ProductsResponse.swift */,
				147CF7732ADFF20F0031E646 /* BringTheFood.swift */,
				147CF7752ADFFCD30031E646 /* BringTheFoodResponse.swift */,
				14A5E94E2AD7E208006A9D57 /* CRUDResponse.swift */,
			);
			path = entity;
			sourceTree = "<group>";
		};
		14A5E8EF2AD4318D006A9D57 /* UI */ = {
			isa = PBXGroup;
			children = (
				14A5E8F22AD431BB006A9D57 /* viewModel */,
				14A5E8F12AD431B2006A9D57 /* views */,
				14A5E8F02AD43198006A9D57 /* tableView */,
			);
			path = UI;
			sourceTree = "<group>";
		};
		14A5E8F02AD43198006A9D57 /* tableView */ = {
			isa = PBXGroup;
			children = (
				14A5E8F32AD433F0006A9D57 /* productsCell.swift */,
				14A5E94A2AD6B3DA006A9D57 /* BagCell.swift */,
			);
			path = tableView;
			sourceTree = "<group>";
		};
		14A5E8F12AD431B2006A9D57 /* views */ = {
			isa = PBXGroup;
			children = (
				14A5E8F72AD43551006A9D57 /* HomePageVC.swift */,
				14A5E9462AD54F5A006A9D57 /* DetailsVC.swift */,
				14A5E9482AD6B3AF006A9D57 /* BagVC.swift */,
				147CF7772AE143270031E646 /* LaunchVC.swift */,
			);
			path = views;
			sourceTree = "<group>";
		};
		14A5E8F22AD431BB006A9D57 /* viewModel */ = {
			isa = PBXGroup;
			children = (
				14A5E9422AD44815006A9D57 /* HomaPageViewModel.swift */,
				14A5E9522AD7E3A4006A9D57 /* BagViewModel.swift */,
			);
			path = viewModel;
			sourceTree = "<group>";
		};
		14A5E93C2AD44758006A9D57 /* Frameworks */ = {
			isa = PBXGroup;
			children = (
				140C6B3E2AEEBE98006E03EC /* libsqlite3.tbd */,
			);
			name = Frameworks;
			sourceTree = "<group>";
		};
		14A5E93F2AD44773006A9D57 /* repo */ = {
			isa = PBXGroup;
			children = (
				14A5E9402AD447B1006A9D57 /* ProductsDaoRepository.swift */,
				14A5E9502AD7E27A006A9D57 /* BagDaoRepository.swift */,
			);
			path = repo;
			sourceTree = "<group>";
		};
/* End PBXGroup section */

/* Begin PBXNativeTarget section */
		14A5E8B92AD420B8006A9D57 /* Bring */ = {
			isa = PBXNativeTarget;
			buildConfigurationList = 14A5E8E42AD420BA006A9D57 /* Build configuration list for PBXNativeTarget "Bring" */;
			buildPhases = (
				14A5E8B62AD420B8006A9D57 /* Sources */,
				14A5E8B72AD420B8006A9D57 /* Frameworks */,
				14A5E8B82AD420B8006A9D57 /* Resources */,
			);
			buildRules = (
			);
			dependencies = (
			);
			name = Bring;
			packageProductDependencies = (
				14A5E9362AD44706006A9D57 /* Kingfisher */,
				14A5E9392AD44720006A9D57 /* Alamofire */,
				14A5E93D2AD44758006A9D57 /* RxSwift */,
				147CF77A2AE149680031E646 /* Lottie */,
			);
			productName = Bring;
			productReference = 14A5E8BA2AD420B8006A9D57 /* Bring.app */;
			productType = "com.apple.product-type.application";
		};
		14A5E8CF2AD420BA006A9D57 /* BringTests */ = {
			isa = PBXNativeTarget;
			buildConfigurationList = 14A5E8E72AD420BA006A9D57 /* Build configuration list for PBXNativeTarget "BringTests" */;
			buildPhases = (
				14A5E8CC2AD420BA006A9D57 /* Sources */,
				14A5E8CD2AD420BA006A9D57 /* Frameworks */,
				14A5E8CE2AD420BA006A9D57 /* Resources */,
			);
			buildRules = (
			);
			dependencies = (
				14A5E8D22AD420BA006A9D57 /* PBXTargetDependency */,
			);
			name = BringTests;
			productName = BringTests;
			productReference = 14A5E8D02AD420BA006A9D57 /* BringTests.xctest */;
			productType = "com.apple.product-type.bundle.unit-test";
		};
		14A5E8D92AD420BA006A9D57 /* BringUITests */ = {
			isa = PBXNativeTarget;
			buildConfigurationList = 14A5E8EA2AD420BA006A9D57 /* Build configuration list for PBXNativeTarget "BringUITests" */;
			buildPhases = (
				14A5E8D62AD420BA006A9D57 /* Sources */,
				14A5E8D72AD420BA006A9D57 /* Frameworks */,
				14A5E8D82AD420BA006A9D57 /* Resources */,
			);
			buildRules = (
			);
			dependencies = (
				14A5E8DC2AD420BA006A9D57 /* PBXTargetDependency */,
			);
			name = BringUITests;
			productName = BringUITests;
			productReference = 14A5E8DA2AD420BA006A9D57 /* BringUITests.xctest */;
			productType = "com.apple.product-type.bundle.ui-testing";
		};
/* End PBXNativeTarget section */

/* Begin PBXProject section */
		14A5E8B22AD420B8006A9D57 /* Project object */ = {
			isa = PBXProject;
			attributes = {
				BuildIndependentTargetsInParallel = 1;
				LastSwiftUpdateCheck = 1500;
				LastUpgradeCheck = 1500;
				TargetAttributes = {
					14A5E8B92AD420B8006A9D57 = {
						CreatedOnToolsVersion = 15.0;
						LastSwiftMigration = 1500;
					};
					14A5E8CF2AD420BA006A9D57 = {
						CreatedOnToolsVersion = 15.0;
						TestTargetID = 14A5E8B92AD420B8006A9D57;
					};
					14A5E8D92AD420BA006A9D57 = {
						CreatedOnToolsVersion = 15.0;
						TestTargetID = 14A5E8B92AD420B8006A9D57;
					};
				};
			};
			buildConfigurationList = 14A5E8B52AD420B8006A9D57 /* Build configuration list for PBXProject "Bring" */;
			compatibilityVersion = "Xcode 14.0";
			developmentRegion = en;
			hasScannedForEncodings = 0;
			knownRegions = (
				en,
				Base,
			);
			mainGroup = 14A5E8B12AD420B8006A9D57;
			packageReferences = (
				14A5E9352AD44706006A9D57 /* XCRemoteSwiftPackageReference "Kingfisher" */,
				14A5E9382AD44720006A9D57 /* XCRemoteSwiftPackageReference "Alamofire" */,
				14A5E93B2AD44739006A9D57 /* XCRemoteSwiftPackageReference "RxSwift" */,
				147CF7792AE149680031E646 /* XCRemoteSwiftPackageReference "lottie-spm" */,
			);
			productRefGroup = 14A5E8BB2AD420B8006A9D57 /* Products */;
			projectDirPath = "";
			projectRoot = "";
			targets = (
				14A5E8B92AD420B8006A9D57 /* Bring */,
				14A5E8CF2AD420BA006A9D57 /* BringTests */,
				14A5E8D92AD420BA006A9D57 /* BringUITests */,
			);
		};
/* End PBXProject section */

/* Begin PBXResourcesBuildPhase section */
		14A5E8B82AD420B8006A9D57 /* Resources */ = {
			isa = PBXResourcesBuildPhase;
			buildActionMask = 2147483647;
			files = (
				14A5E8CA2AD420BA006A9D57 /* LaunchScreen.storyboard in Resources */,
				140C6B512AEEBFE5006E03EC /* products.sqlite in Resources */,
				14A5E8C72AD420BA006A9D57 /* Assets.xcassets in Resources */,
				14A5E8C52AD420B8006A9D57 /* Main.storyboard in Resources */,
				147CF77D2AE149AB0031E646 /* cart.json in Resources */,
			);
			runOnlyForDeploymentPostprocessing = 0;
		};
		14A5E8CE2AD420BA006A9D57 /* Resources */ = {
			isa = PBXResourcesBuildPhase;
			buildActionMask = 2147483647;
			files = (
			);
			runOnlyForDeploymentPostprocessing = 0;
		};
		14A5E8D82AD420BA006A9D57 /* Resources */ = {
			isa = PBXResourcesBuildPhase;
			buildActionMask = 2147483647;
			files = (
			);
			runOnlyForDeploymentPostprocessing = 0;
		};
/* End PBXResourcesBuildPhase section */

/* Begin PBXSourcesBuildPhase section */
		14A5E8B62AD420B8006A9D57 /* Sources */ = {
			isa = PBXSourcesBuildPhase;
			buildActionMask = 2147483647;
			files = (
				14A5E9432AD44815006A9D57 /* HomaPageViewModel.swift in Sources */,
				14A5E9412AD447B1006A9D57 /* ProductsDaoRepository.swift in Sources */,
				14A5E8F62AD434D9006A9D57 /* Product.swift in Sources */,
				140C6B5E2AF42B04006E03EC /* FMDatabase.m in Sources */,
				140C6B612AF42B04006E03EC /* FMDatabasePool.m in Sources */,
				14A5E8F82AD43551006A9D57 /* HomePageVC.swift in Sources */,
				14A5E9472AD54F5A006A9D57 /* DetailsVC.swift in Sources */,
				140C6B622AF42B04006E03EC /* FMDatabaseAdditions.m in Sources */,
				14A5E8F42AD433F0006A9D57 /* productsCell.swift in Sources */,
				14A5E8BE2AD420B8006A9D57 /* AppDelegate.swift in Sources */,
				14A5E9492AD6B3AF006A9D57 /* BagVC.swift in Sources */,
				140C6B5F2AF42B04006E03EC /* FMDatabaseQueue.m in Sources */,
				14A5E9452AD450F8006A9D57 /* ProductsResponse.swift in Sources */,
				14A5E8C02AD420B8006A9D57 /* SceneDelegate.swift in Sources */,
				14A5E9512AD7E27A006A9D57 /* BagDaoRepository.swift in Sources */,
				147CF7762ADFFCD30031E646 /* BringTheFoodResponse.swift in Sources */,
				140C6B602AF42B04006E03EC /* FMResultSet.m in Sources */,
				147CF7742ADFF20F0031E646 /* BringTheFood.swift in Sources */,
				14A5E9532AD7E3A4006A9D57 /* BagViewModel.swift in Sources */,
				147CF7782AE143270031E646 /* LaunchVC.swift in Sources */,
				14A5E94F2AD7E208006A9D57 /* CRUDResponse.swift in Sources */,
				14A5E94B2AD6B3DA006A9D57 /* BagCell.swift in Sources */,
			);
			runOnlyForDeploymentPostprocessing = 0;
		};
		14A5E8CC2AD420BA006A9D57 /* Sources */ = {
			isa = PBXSourcesBuildPhase;
			buildActionMask = 2147483647;
			files = (
				14A5E8D52AD420BA006A9D57 /* BringTests.swift in Sources */,
			);
			runOnlyForDeploymentPostprocessing = 0;
		};
		14A5E8D62AD420BA006A9D57 /* Sources */ = {
			isa = PBXSourcesBuildPhase;
			buildActionMask = 2147483647;
			files = (
				14A5E8DF2AD420BA006A9D57 /* BringUITests.swift in Sources */,
				14A5E8E12AD420BA006A9D57 /* BringUITestsLaunchTests.swift in Sources */,
			);
			runOnlyForDeploymentPostprocessing = 0;
		};
/* End PBXSourcesBuildPhase section */

/* Begin PBXTargetDependency section */
		14A5E8D22AD420BA006A9D57 /* PBXTargetDependency */ = {
			isa = PBXTargetDependency;
			target = 14A5E8B92AD420B8006A9D57 /* Bring */;
			targetProxy = 14A5E8D12AD420BA006A9D57 /* PBXContainerItemProxy */;
		};
		14A5E8DC2AD420BA006A9D57 /* PBXTargetDependency */ = {
			isa = PBXTargetDependency;
			target = 14A5E8B92AD420B8006A9D57 /* Bring */;
			targetProxy = 14A5E8DB2AD420BA006A9D57 /* PBXContainerItemProxy */;
		};
/* End PBXTargetDependency section */

/* Begin PBXVariantGroup section */
		14A5E8C32AD420B8006A9D57 /* Main.storyboard */ = {
			isa = PBXVariantGroup;
			children = (
				14A5E8C42AD420B8006A9D57 /* Base */,
			);
			name = Main.storyboard;
			sourceTree = "<group>";
		};
		14A5E8C82AD420BA006A9D57 /* LaunchScreen.storyboard */ = {
			isa = PBXVariantGroup;
			children = (
				14A5E8C92AD420BA006A9D57 /* Base */,
			);
			name = LaunchScreen.storyboard;
			sourceTree = "<group>";
		};
/* End PBXVariantGroup section */

/* Begin XCBuildConfiguration section */
		14A5E8E22AD420BA006A9D57 /* Debug */ = {
			isa = XCBuildConfiguration;
			buildSettings = {
				ALWAYS_SEARCH_USER_PATHS = NO;
				ASSETCATALOG_COMPILER_GENERATE_SWIFT_ASSET_SYMBOL_EXTENSIONS = YES;
				CLANG_ANALYZER_NONNULL = YES;
				CLANG_ANALYZER_NUMBER_OBJECT_CONVERSION = YES_AGGRESSIVE;
				CLANG_CXX_LANGUAGE_STANDARD = "gnu++20";
				CLANG_ENABLE_MODULES = YES;
				CLANG_ENABLE_OBJC_ARC = YES;
				CLANG_ENABLE_OBJC_WEAK = YES;
				CLANG_WARN_BLOCK_CAPTURE_AUTORELEASING = YES;
				CLANG_WARN_BOOL_CONVERSION = YES;
				CLANG_WARN_COMMA = YES;
				CLANG_WARN_CONSTANT_CONVERSION = YES;
				CLANG_WARN_DEPRECATED_OBJC_IMPLEMENTATIONS = YES;
				CLANG_WARN_DIRECT_OBJC_ISA_USAGE = YES_ERROR;
				CLANG_WARN_DOCUMENTATION_COMMENTS = YES;
				CLANG_WARN_EMPTY_BODY = YES;
				CLANG_WARN_ENUM_CONVERSION = YES;
				CLANG_WARN_INFINITE_RECURSION = YES;
				CLANG_WARN_INT_CONVERSION = YES;
				CLANG_WARN_NON_LITERAL_NULL_CONVERSION = YES;
				CLANG_WARN_OBJC_IMPLICIT_RETAIN_SELF = YES;
				CLANG_WARN_OBJC_LITERAL_CONVERSION = YES;
				CLANG_WARN_OBJC_ROOT_CLASS = YES_ERROR;
				CLANG_WARN_QUOTED_INCLUDE_IN_FRAMEWORK_HEADER = YES;
				CLANG_WARN_RANGE_LOOP_ANALYSIS = YES;
				CLANG_WARN_STRICT_PROTOTYPES = YES;
				CLANG_WARN_SUSPICIOUS_MOVE = YES;
				CLANG_WARN_UNGUARDED_AVAILABILITY = YES_AGGRESSIVE;
				CLANG_WARN_UNREACHABLE_CODE = YES;
				CLANG_WARN__DUPLICATE_METHOD_MATCH = YES;
				COPY_PHASE_STRIP = NO;
				DEBUG_INFORMATION_FORMAT = dwarf;
				ENABLE_STRICT_OBJC_MSGSEND = YES;
				ENABLE_TESTABILITY = YES;
				ENABLE_USER_SCRIPT_SANDBOXING = YES;
				GCC_C_LANGUAGE_STANDARD = gnu17;
				GCC_DYNAMIC_NO_PIC = NO;
				GCC_NO_COMMON_BLOCKS = YES;
				GCC_OPTIMIZATION_LEVEL = 0;
				GCC_PREPROCESSOR_DEFINITIONS = (
					"DEBUG=1",
					"$(inherited)",
				);
				GCC_WARN_64_TO_32_BIT_CONVERSION = YES;
				GCC_WARN_ABOUT_RETURN_TYPE = YES_ERROR;
				GCC_WARN_UNDECLARED_SELECTOR = YES;
				GCC_WARN_UNINITIALIZED_AUTOS = YES_AGGRESSIVE;
				GCC_WARN_UNUSED_FUNCTION = YES;
				GCC_WARN_UNUSED_VARIABLE = YES;
				IPHONEOS_DEPLOYMENT_TARGET = 17.0;
				LOCALIZATION_PREFERS_STRING_CATALOGS = YES;
				MTL_ENABLE_DEBUG_INFO = INCLUDE_SOURCE;
				MTL_FAST_MATH = YES;
				ONLY_ACTIVE_ARCH = YES;
				SDKROOT = iphoneos;
				SWIFT_ACTIVE_COMPILATION_CONDITIONS = "DEBUG $(inherited)";
				SWIFT_OPTIMIZATION_LEVEL = "-Onone";
			};
			name = Debug;
		};
		14A5E8E32AD420BA006A9D57 /* Release */ = {
			isa = XCBuildConfiguration;
			buildSettings = {
				ALWAYS_SEARCH_USER_PATHS = NO;
				ASSETCATALOG_COMPILER_GENERATE_SWIFT_ASSET_SYMBOL_EXTENSIONS = YES;
				CLANG_ANALYZER_NONNULL = YES;
				CLANG_ANALYZER_NUMBER_OBJECT_CONVERSION = YES_AGGRESSIVE;
				CLANG_CXX_LANGUAGE_STANDARD = "gnu++20";
				CLANG_ENABLE_MODULES = YES;
				CLANG_ENABLE_OBJC_ARC = YES;
				CLANG_ENABLE_OBJC_WEAK = YES;
				CLANG_WARN_BLOCK_CAPTURE_AUTORELEASING = YES;
				CLANG_WARN_BOOL_CONVERSION = YES;
				CLANG_WARN_COMMA = YES;
				CLANG_WARN_CONSTANT_CONVERSION = YES;
				CLANG_WARN_DEPRECATED_OBJC_IMPLEMENTATIONS = YES;
				CLANG_WARN_DIRECT_OBJC_ISA_USAGE = YES_ERROR;
				CLANG_WARN_DOCUMENTATION_COMMENTS = YES;
				CLANG_WARN_EMPTY_BODY = YES;
				CLANG_WARN_ENUM_CONVERSION = YES;
				CLANG_WARN_INFINITE_RECURSION = YES;
				CLANG_WARN_INT_CONVERSION = YES;
				CLANG_WARN_NON_LITERAL_NULL_CONVERSION = YES;
				CLANG_WARN_OBJC_IMPLICIT_RETAIN_SELF = YES;
				CLANG_WARN_OBJC_LITERAL_CONVERSION = YES;
				CLANG_WARN_OBJC_ROOT_CLASS = YES_ERROR;
				CLANG_WARN_QUOTED_INCLUDE_IN_FRAMEWORK_HEADER = YES;
				CLANG_WARN_RANGE_LOOP_ANALYSIS = YES;
				CLANG_WARN_STRICT_PROTOTYPES = YES;
				CLANG_WARN_SUSPICIOUS_MOVE = YES;
				CLANG_WARN_UNGUARDED_AVAILABILITY = YES_AGGRESSIVE;
				CLANG_WARN_UNREACHABLE_CODE = YES;
				CLANG_WARN__DUPLICATE_METHOD_MATCH = YES;
				COPY_PHASE_STRIP = NO;
				DEBUG_INFORMATION_FORMAT = "dwarf-with-dsym";
				ENABLE_NS_ASSERTIONS = NO;
				ENABLE_STRICT_OBJC_MSGSEND = YES;
				ENABLE_USER_SCRIPT_SANDBOXING = YES;
				GCC_C_LANGUAGE_STANDARD = gnu17;
				GCC_NO_COMMON_BLOCKS = YES;
				GCC_WARN_64_TO_32_BIT_CONVERSION = YES;
				GCC_WARN_ABOUT_RETURN_TYPE = YES_ERROR;
				GCC_WARN_UNDECLARED_SELECTOR = YES;
				GCC_WARN_UNINITIALIZED_AUTOS = YES_AGGRESSIVE;
				GCC_WARN_UNUSED_FUNCTION = YES;
				GCC_WARN_UNUSED_VARIABLE = YES;
				IPHONEOS_DEPLOYMENT_TARGET = 17.0;
				LOCALIZATION_PREFERS_STRING_CATALOGS = YES;
				MTL_ENABLE_DEBUG_INFO = NO;
				MTL_FAST_MATH = YES;
				SDKROOT = iphoneos;
				SWIFT_COMPILATION_MODE = wholemodule;
				VALIDATE_PRODUCT = YES;
			};
			name = Release;
		};
		14A5E8E52AD420BA006A9D57 /* Debug */ = {
			isa = XCBuildConfiguration;
			buildSettings = {
				ASSETCATALOG_COMPILER_APPICON_NAME = AppIcon;
				ASSETCATALOG_COMPILER_GLOBAL_ACCENT_COLOR_NAME = AccentColor;
				CLANG_ENABLE_MODULES = YES;
				CODE_SIGN_STYLE = Automatic;
				CURRENT_PROJECT_VERSION = 1;
				DEVELOPMENT_TEAM = UFP36B6P45;
				GENERATE_INFOPLIST_FILE = YES;
				INFOPLIST_FILE = Bring/Info.plist;
				INFOPLIST_KEY_UIApplicationSupportsIndirectInputEvents = YES;
				INFOPLIST_KEY_UILaunchStoryboardName = LaunchScreen;
				INFOPLIST_KEY_UIMainStoryboardFile = Main;
				INFOPLIST_KEY_UISupportedInterfaceOrientations_iPad = "UIInterfaceOrientationPortrait UIInterfaceOrientationPortraitUpsideDown UIInterfaceOrientationLandscapeLeft UIInterfaceOrientationLandscapeRight";
				INFOPLIST_KEY_UISupportedInterfaceOrientations_iPhone = "UIInterfaceOrientationPortrait UIInterfaceOrientationLandscapeLeft UIInterfaceOrientationLandscapeRight";
				LD_RUNPATH_SEARCH_PATHS = (
					"$(inherited)",
					"@executable_path/Frameworks",
				);
				MARKETING_VERSION = 1.0;
				PRODUCT_BUNDLE_IDENTIFIER = tolga.Bring;
				PRODUCT_NAME = "$(TARGET_NAME)";
				SWIFT_EMIT_LOC_STRINGS = YES;
				SWIFT_OBJC_BRIDGING_HEADER = "Bring-Bridging-Header.h";
				SWIFT_OPTIMIZATION_LEVEL = "-Onone";
				SWIFT_VERSION = 5.0;
				TARGETED_DEVICE_FAMILY = "1,2";
			};
			name = Debug;
		};
		14A5E8E62AD420BA006A9D57 /* Release */ = {
			isa = XCBuildConfiguration;
			buildSettings = {
				ASSETCATALOG_COMPILER_APPICON_NAME = AppIcon;
				ASSETCATALOG_COMPILER_GLOBAL_ACCENT_COLOR_NAME = AccentColor;
				CLANG_ENABLE_MODULES = YES;
				CODE_SIGN_STYLE = Automatic;
				CURRENT_PROJECT_VERSION = 1;
				DEVELOPMENT_TEAM = UFP36B6P45;
				GENERATE_INFOPLIST_FILE = YES;
				INFOPLIST_FILE = Bring/Info.plist;
				INFOPLIST_KEY_UIApplicationSupportsIndirectInputEvents = YES;
				INFOPLIST_KEY_UILaunchStoryboardName = LaunchScreen;
				INFOPLIST_KEY_UIMainStoryboardFile = Main;
				INFOPLIST_KEY_UISupportedInterfaceOrientations_iPad = "UIInterfaceOrientationPortrait UIInterfaceOrientationPortraitUpsideDown UIInterfaceOrientationLandscapeLeft UIInterfaceOrientationLandscapeRight";
				INFOPLIST_KEY_UISupportedInterfaceOrientations_iPhone = "UIInterfaceOrientationPortrait UIInterfaceOrientationLandscapeLeft UIInterfaceOrientationLandscapeRight";
				LD_RUNPATH_SEARCH_PATHS = (
					"$(inherited)",
					"@executable_path/Frameworks",
				);
				MARKETING_VERSION = 1.0;
				PRODUCT_BUNDLE_IDENTIFIER = tolga.Bring;
				PRODUCT_NAME = "$(TARGET_NAME)";
				SWIFT_EMIT_LOC_STRINGS = YES;
				SWIFT_OBJC_BRIDGING_HEADER = "Bring-Bridging-Header.h";
				SWIFT_VERSION = 5.0;
				TARGETED_DEVICE_FAMILY = "1,2";
			};
			name = Release;
		};
		14A5E8E82AD420BA006A9D57 /* Debug */ = {
			isa = XCBuildConfiguration;
			buildSettings = {
				ALWAYS_EMBED_SWIFT_STANDARD_LIBRARIES = YES;
				BUNDLE_LOADER = "$(TEST_HOST)";
				CODE_SIGN_STYLE = Automatic;
				CURRENT_PROJECT_VERSION = 1;
				DEVELOPMENT_TEAM = UFP36B6P45;
				GENERATE_INFOPLIST_FILE = YES;
				IPHONEOS_DEPLOYMENT_TARGET = 17.0;
				MARKETING_VERSION = 1.0;
				PRODUCT_BUNDLE_IDENTIFIER = tolga.BringTests;
				PRODUCT_NAME = "$(TARGET_NAME)";
				SWIFT_EMIT_LOC_STRINGS = NO;
				SWIFT_VERSION = 5.0;
				TARGETED_DEVICE_FAMILY = "1,2";
				TEST_HOST = "$(BUILT_PRODUCTS_DIR)/Bring.app/$(BUNDLE_EXECUTABLE_FOLDER_PATH)/Bring";
			};
			name = Debug;
		};
		14A5E8E92AD420BA006A9D57 /* Release */ = {
			isa = XCBuildConfiguration;
			buildSettings = {
				ALWAYS_EMBED_SWIFT_STANDARD_LIBRARIES = YES;
				BUNDLE_LOADER = "$(TEST_HOST)";
				CODE_SIGN_STYLE = Automatic;
				CURRENT_PROJECT_VERSION = 1;
				DEVELOPMENT_TEAM = UFP36B6P45;
				GENERATE_INFOPLIST_FILE = YES;
				IPHONEOS_DEPLOYMENT_TARGET = 17.0;
				MARKETING_VERSION = 1.0;
				PRODUCT_BUNDLE_IDENTIFIER = tolga.BringTests;
				PRODUCT_NAME = "$(TARGET_NAME)";
				SWIFT_EMIT_LOC_STRINGS = NO;
				SWIFT_VERSION = 5.0;
				TARGETED_DEVICE_FAMILY = "1,2";
				TEST_HOST = "$(BUILT_PRODUCTS_DIR)/Bring.app/$(BUNDLE_EXECUTABLE_FOLDER_PATH)/Bring";
			};
			name = Release;
		};
		14A5E8EB2AD420BA006A9D57 /* Debug */ = {
			isa = XCBuildConfiguration;
			buildSettings = {
				ALWAYS_EMBED_SWIFT_STANDARD_LIBRARIES = YES;
				CODE_SIGN_STYLE = Automatic;
				CURRENT_PROJECT_VERSION = 1;
				DEVELOPMENT_TEAM = UFP36B6P45;
				GENERATE_INFOPLIST_FILE = YES;
				MARKETING_VERSION = 1.0;
				PRODUCT_BUNDLE_IDENTIFIER = tolga.BringUITests;
				PRODUCT_NAME = "$(TARGET_NAME)";
				SWIFT_EMIT_LOC_STRINGS = NO;
				SWIFT_VERSION = 5.0;
				TARGETED_DEVICE_FAMILY = "1,2";
				TEST_TARGET_NAME = Bring;
			};
			name = Debug;
		};
		14A5E8EC2AD420BA006A9D57 /* Release */ = {
			isa = XCBuildConfiguration;
			buildSettings = {
				ALWAYS_EMBED_SWIFT_STANDARD_LIBRARIES = YES;
				CODE_SIGN_STYLE = Automatic;
				CURRENT_PROJECT_VERSION = 1;
				DEVELOPMENT_TEAM = UFP36B6P45;
				GENERATE_INFOPLIST_FILE = YES;
				MARKETING_VERSION = 1.0;
				PRODUCT_BUNDLE_IDENTIFIER = tolga.BringUITests;
				PRODUCT_NAME = "$(TARGET_NAME)";
				SWIFT_EMIT_LOC_STRINGS = NO;
				SWIFT_VERSION = 5.0;
				TARGETED_DEVICE_FAMILY = "1,2";
				TEST_TARGET_NAME = Bring;
			};
			name = Release;
		};
/* End XCBuildConfiguration section */

/* Begin XCConfigurationList section */
		14A5E8B52AD420B8006A9D57 /* Build configuration list for PBXProject "Bring" */ = {
			isa = XCConfigurationList;
			buildConfigurations = (
				14A5E8E22AD420BA006A9D57 /* Debug */,
				14A5E8E32AD420BA006A9D57 /* Release */,
			);
			defaultConfigurationIsVisible = 0;
			defaultConfigurationName = Release;
		};
		14A5E8E42AD420BA006A9D57 /* Build configuration list for PBXNativeTarget "Bring" */ = {
			isa = XCConfigurationList;
			buildConfigurations = (
				14A5E8E52AD420BA006A9D57 /* Debug */,
				14A5E8E62AD420BA006A9D57 /* Release */,
			);
			defaultConfigurationIsVisible = 0;
			defaultConfigurationName = Release;
		};
		14A5E8E72AD420BA006A9D57 /* Build configuration list for PBXNativeTarget "BringTests" */ = {
			isa = XCConfigurationList;
			buildConfigurations = (
				14A5E8E82AD420BA006A9D57 /* Debug */,
				14A5E8E92AD420BA006A9D57 /* Release */,
			);
			defaultConfigurationIsVisible = 0;
			defaultConfigurationName = Release;
		};
		14A5E8EA2AD420BA006A9D57 /* Build configuration list for PBXNativeTarget "BringUITests" */ = {
			isa = XCConfigurationList;
			buildConfigurations = (
				14A5E8EB2AD420BA006A9D57 /* Debug */,
				14A5E8EC2AD420BA006A9D57 /* Release */,
			);
			defaultConfigurationIsVisible = 0;
			defaultConfigurationName = Release;
		};
/* End XCConfigurationList section */

/* Begin XCRemoteSwiftPackageReference section */
		147CF7792AE149680031E646 /* XCRemoteSwiftPackageReference "lottie-spm" */ = {
			isa = XCRemoteSwiftPackageReference;
			repositoryURL = "https://github.com/airbnb/lottie-spm.git";
			requirement = {
				kind = upToNextMajorVersion;
				minimumVersion = 4.3.3;
			};
		};
		14A5E9352AD44706006A9D57 /* XCRemoteSwiftPackageReference "Kingfisher" */ = {
			isa = XCRemoteSwiftPackageReference;
			repositoryURL = "https://github.com/onevcat/Kingfisher.git";
			requirement = {
				kind = upToNextMajorVersion;
				minimumVersion = 7.9.1;
			};
		};
		14A5E9382AD44720006A9D57 /* XCRemoteSwiftPackageReference "Alamofire" */ = {
			isa = XCRemoteSwiftPackageReference;
			repositoryURL = "https://github.com/Alamofire/Alamofire.git";
			requirement = {
				kind = upToNextMajorVersion;
				minimumVersion = 5.8.0;
			};
		};
		14A5E93B2AD44739006A9D57 /* XCRemoteSwiftPackageReference "RxSwift" */ = {
			isa = XCRemoteSwiftPackageReference;
			repositoryURL = "https://github.com/ReactiveX/RxSwift.git";
			requirement = {
				kind = upToNextMajorVersion;
				minimumVersion = 6.6.0;
			};
		};
/* End XCRemoteSwiftPackageReference section */

/* Begin XCSwiftPackageProductDependency section */
		147CF77A2AE149680031E646 /* Lottie */ = {
			isa = XCSwiftPackageProductDependency;
			package = 147CF7792AE149680031E646 /* XCRemoteSwiftPackageReference "lottie-spm" */;
			productName = Lottie;
		};
		14A5E9362AD44706006A9D57 /* Kingfisher */ = {
			isa = XCSwiftPackageProductDependency;
			package = 14A5E9352AD44706006A9D57 /* XCRemoteSwiftPackageReference "Kingfisher" */;
			productName = Kingfisher;
		};
		14A5E9392AD44720006A9D57 /* Alamofire */ = {
			isa = XCSwiftPackageProductDependency;
			package = 14A5E9382AD44720006A9D57 /* XCRemoteSwiftPackageReference "Alamofire" */;
			productName = Alamofire;
		};
		14A5E93D2AD44758006A9D57 /* RxSwift */ = {
			isa = XCSwiftPackageProductDependency;
			package = 14A5E93B2AD44739006A9D57 /* XCRemoteSwiftPackageReference "RxSwift" */;
			productName = RxSwift;
		};
/* End XCSwiftPackageProductDependency section */
	};
	rootObject = 14A5E8B22AD420B8006A9D57 /* Project object */;
}
